version = 1
revision = 1
requires-python = ">=3.13"

[[package]]
name = "certifi"
version = "2025.7.14"
source = { registry = "https://pypi.org/simple" }
sdist = { url = "https://files.pythonhosted.org/packages/b3/76/52c535bcebe74590f296d6c77c86dabf761c41980e1347a2422e4aa2ae41/certifi-2025.7.14.tar.gz", hash = "sha256:8ea99dbdfaaf2ba2f9bac77b9249ef62ec5218e7c2b2e903378ed5fccf765995", size = 163981 }
wheels = [
    { url = "https://files.pythonhosted.org/packages/4f/52/34c6cf5bb9285074dc3531c437b3919e825d976fde097a7a73f79e726d03/certifi-2025.7.14-py3-none-any.whl", hash = "sha256:6b31f564a415d79ee77df69d757bb49a5bb53bd9f756cbbe24394ffd6fc1f4b2", size = 162722 },
]

[[package]]
name = "charset-normalizer"
version = "3.4.2"
source = { registry = "https://pypi.org/simple" }
sdist = { url = "https://files.pythonhosted.org/packages/e4/33/89c2ced2b67d1c2a61c19c6751aa8902d46ce3dacb23600a283619f5a12d/charset_normalizer-3.4.2.tar.gz", hash = "sha256:5baececa9ecba31eff645232d59845c07aa030f0c81ee70184a90d35099a0e63", size = 126367 }
wheels = [
    { url = "https://files.pythonhosted.org/packages/ea/12/a93df3366ed32db1d907d7593a94f1fe6293903e3e92967bebd6950ed12c/charset_normalizer-3.4.2-cp313-cp313-macosx_10_13_universal2.whl", hash = "sha256:926ca93accd5d36ccdabd803392ddc3e03e6d4cd1cf17deff3b989ab8e9dbcf0", size = 199622 },
    { url = "https://files.pythonhosted.org/packages/04/93/bf204e6f344c39d9937d3c13c8cd5bbfc266472e51fc8c07cb7f64fcd2de/charset_normalizer-3.4.2-cp313-cp313-manylinux_2_17_aarch64.manylinux2014_aarch64.whl", hash = "sha256:eba9904b0f38a143592d9fc0e19e2df0fa2e41c3c3745554761c5f6447eedabf", size = 143435 },
    { url = "https://files.pythonhosted.org/packages/22/2a/ea8a2095b0bafa6c5b5a55ffdc2f924455233ee7b91c69b7edfcc9e02284/charset_normalizer-3.4.2-cp313-cp313-manylinux_2_17_ppc64le.manylinux2014_ppc64le.whl", hash = "sha256:3fddb7e2c84ac87ac3a947cb4e66d143ca5863ef48e4a5ecb83bd48619e4634e", size = 153653 },
    { url = "https://files.pythonhosted.org/packages/b6/57/1b090ff183d13cef485dfbe272e2fe57622a76694061353c59da52c9a659/charset_normalizer-3.4.2-cp313-cp313-manylinux_2_17_s390x.manylinux2014_s390x.whl", hash = "sha256:98f862da73774290f251b9df8d11161b6cf25b599a66baf087c1ffe340e9bfd1", size = 146231 },
    { url = "https://files.pythonhosted.org/packages/e2/28/ffc026b26f441fc67bd21ab7f03b313ab3fe46714a14b516f931abe1a2d8/charset_normalizer-3.4.2-cp313-cp313-manylinux_2_17_x86_64.manylinux2014_x86_64.whl", hash = "sha256:6c9379d65defcab82d07b2a9dfbfc2e95bc8fe0ebb1b176a3190230a3ef0e07c", size = 148243 },
    { url = "https://files.pythonhosted.org/packages/c0/0f/9abe9bd191629c33e69e47c6ef45ef99773320e9ad8e9cb08b8ab4a8d4cb/charset_normalizer-3.4.2-cp313-cp313-manylinux_2_5_i686.manylinux1_i686.manylinux_2_17_i686.manylinux2014_i686.whl", hash = "sha256:e635b87f01ebc977342e2697d05b56632f5f879a4f15955dfe8cef2448b51691", size = 150442 },
    { url = "https://files.pythonhosted.org/packages/67/7c/a123bbcedca91d5916c056407f89a7f5e8fdfce12ba825d7d6b9954a1a3c/charset_normalizer-3.4.2-cp313-cp313-musllinux_1_2_aarch64.whl", hash = "sha256:1c95a1e2902a8b722868587c0e1184ad5c55631de5afc0eb96bc4b0d738092c0", size = 145147 },
    { url = "https://files.pythonhosted.org/packages/ec/fe/1ac556fa4899d967b83e9893788e86b6af4d83e4726511eaaad035e36595/charset_normalizer-3.4.2-cp313-cp313-musllinux_1_2_i686.whl", hash = "sha256:ef8de666d6179b009dce7bcb2ad4c4a779f113f12caf8dc77f0162c29d20490b", size = 153057 },
    { url = "https://files.pythonhosted.org/packages/2b/ff/acfc0b0a70b19e3e54febdd5301a98b72fa07635e56f24f60502e954c461/charset_normalizer-3.4.2-cp313-cp313-musllinux_1_2_ppc64le.whl", hash = "sha256:32fc0341d72e0f73f80acb0a2c94216bd704f4f0bce10aedea38f30502b271ff", size = 156454 },
    { url = "https://files.pythonhosted.org/packages/92/08/95b458ce9c740d0645feb0e96cea1f5ec946ea9c580a94adfe0b617f3573/charset_normalizer-3.4.2-cp313-cp313-musllinux_1_2_s390x.whl", hash = "sha256:289200a18fa698949d2b39c671c2cc7a24d44096784e76614899a7ccf2574b7b", size = 154174 },
    { url = "https://files.pythonhosted.org/packages/78/be/8392efc43487ac051eee6c36d5fbd63032d78f7728cb37aebcc98191f1ff/charset_normalizer-3.4.2-cp313-cp313-musllinux_1_2_x86_64.whl", hash = "sha256:4a476b06fbcf359ad25d34a057b7219281286ae2477cc5ff5e3f70a246971148", size = 149166 },
    { url = "https://files.pythonhosted.org/packages/44/96/392abd49b094d30b91d9fbda6a69519e95802250b777841cf3bda8fe136c/charset_normalizer-3.4.2-cp313-cp313-win32.whl", hash = "sha256:aaeeb6a479c7667fbe1099af9617c83aaca22182d6cf8c53966491a0f1b7ffb7", size = 98064 },
    { url = "https://files.pythonhosted.org/packages/e9/b0/0200da600134e001d91851ddc797809e2fe0ea72de90e09bec5a2fbdaccb/charset_normalizer-3.4.2-cp313-cp313-win_amd64.whl", hash = "sha256:aa6af9e7d59f9c12b33ae4e9450619cf2488e2bbe9b44030905877f0b2324980", size = 105641 },
    { url = "https://files.pythonhosted.org/packages/20/94/c5790835a017658cbfabd07f3bfb549140c3ac458cfc196323996b10095a/charset_normalizer-3.4.2-py3-none-any.whl", hash = "sha256:7f56930ab0abd1c45cd15be65cc741c28b1c9a34876ce8c17a2fa107810c0af0", size = 52626 },
]

[[package]]
name = "colorama"
version = "0.4.6"
source = { registry = "https://pypi.org/simple" }
sdist = { url = "https://files.pythonhosted.org/packages/d8/53/6f443c9a4a8358a93a6792e2acffb9d9d5cb0a5cfd8802644b7b1c9a02e4/colorama-0.4.6.tar.gz", hash = "sha256:08695f5cb7ed6e0531a20572697297273c47b8cae5a63ffc6d6ed5c201be6e44", size = 27697 }
wheels = [
    { url = "https://files.pythonhosted.org/packages/d1/d6/3965ed04c63042e047cb6a3e6ed1a63a35087b6a609aa3a15ed8ac56c221/colorama-0.4.6-py2.py3-none-any.whl", hash = "sha256:4f1d9991f5acc0ca119f9d443620b77f9d6b33703e51011c16baf57afb285fc6", size = 25335 },
]

[[package]]
name = "cramjam"
version = "2.10.0"
source = { registry = "https://pypi.org/simple" }
sdist = { url = "https://files.pythonhosted.org/packages/e9/dc/ccc87820b189e35323433e80de450bf2fb8826a5b64834c740e7d5e66ce2/cramjam-2.10.0.tar.gz", hash = "sha256:e821dd487384ae8004e977c3b13135ad6665ccf8c9874e68441cad1146e66d8a", size = 47801 }
wheels = [
    { url = "https://files.pythonhosted.org/packages/cc/9e/40ecf165dd9fd177c85d1d7b8614036865f15f39d116cf2c96dc84a3eb8a/cramjam-2.10.0-cp313-cp313-macosx_10_12_x86_64.macosx_11_0_arm64.macosx_10_12_universal2.whl", hash = "sha256:8bb0b6aaaa5f37091e05d756a3337faf0ddcffe8a68dbe8a710731b0d555ec8f", size = 3502800 },
    { url = "https://files.pythonhosted.org/packages/af/63/83c7dbe9078ff7e9d8c449913a46a40ae8b9c260f2ec885a0249f00dd763/cramjam-2.10.0-cp313-cp313-macosx_10_12_x86_64.whl", hash = "sha256:27b2625c0840b9a5522eba30b165940084391762492e03b9d640fca5074016ae", size = 1835841 },
    { url = "https://files.pythonhosted.org/packages/d0/bd/d5f9bdd562d4387ca7e1dcfc5121297cba0623e696882bf7cfd343fae88d/cramjam-2.10.0-cp313-cp313-macosx_11_0_arm64.whl", hash = "sha256:4ba90f7b8f986934f33aad8cc029cf7c74842d3ecd5eda71f7531330d38a8dc4", size = 1673882 },
    { url = "https://files.pythonhosted.org/packages/30/ac/198378091434078efb9e25b69a142de1203bf2e54a674f15d6048221a13e/cramjam-2.10.0-cp313-cp313-manylinux_2_12_i686.manylinux2010_i686.whl", hash = "sha256:6655d04942f7c02087a6bba4bdc8d88961aa8ddf3fb9a05b3bad06d2d1ca321b", size = 2019844 },
    { url = "https://files.pythonhosted.org/packages/5c/63/ab625cd743cd1950e0b8a1922b5599ee9109085dcb55dad30a3d1751a8ab/cramjam-2.10.0-cp313-cp313-manylinux_2_17_aarch64.manylinux2014_aarch64.whl", hash = "sha256:7dda9be2caf067ac21c4aa63497833e0984908b66849c07aaa42b1cfa93f5e1c", size = 1747573 },
    { url = "https://files.pythonhosted.org/packages/fe/c9/d17f6d5fc9e619298b98c86cfca2b728945b05135b0cc16be8e6305e00cb/cramjam-2.10.0-cp313-cp313-manylinux_2_17_armv7l.manylinux2014_armv7l.whl", hash = "sha256:afa36aa006d7692718fce427ecb276211918447f806f80c19096a627f5122e3d", size = 1850318 },
    { url = "https://files.pythonhosted.org/packages/60/83/9e35fcd2a373c30251088d4abfb87312a51bc39a0c15f5eda5099888f6fd/cramjam-2.10.0-cp313-cp313-manylinux_2_17_ppc64le.manylinux2014_ppc64le.whl", hash = "sha256:d46fd5a9e8eb5d56eccc6191a55e3e1e2b3ab24b19ab87563a2299a39c855fd7", size = 1997907 },
    { url = "https://files.pythonhosted.org/packages/e5/5d/c0999ebd3c829b50b93f57fbc478c6a31d7b785789d14221b5962631a610/cramjam-2.10.0-cp313-cp313-manylinux_2_17_s390x.manylinux2014_s390x.whl", hash = "sha256:e3012564760394dff89e7a10c5a244f8885cd155aec07bdbe2d6dc46be398614", size = 2361103 },
    { url = "https://files.pythonhosted.org/packages/58/2c/866a73d33ea0950a3ea6e12d5d6f15abc8d5b5e2302c5e4aa9bd7c6d5179/cramjam-2.10.0-cp313-cp313-manylinux_2_17_x86_64.manylinux2014_x86_64.whl", hash = "sha256:e2d216ed4aca2090eabdd354204ae55ed3e13333d1a5b271981543696e634672", size = 1961830 },
    { url = "https://files.pythonhosted.org/packages/70/2b/4f91b3d36d2b7288c8d180b0debce092357d41ca02bd3649f49354180613/cramjam-2.10.0-cp313-cp313-musllinux_1_1_aarch64.whl", hash = "sha256:44c2660ee7c4c269646955e4e40c2693f803fbad12398bb31b2ad00cfc6027b8", size = 2016782 },
    { url = "https://files.pythonhosted.org/packages/90/99/cff347c3279b99e3e9e1bc249319ec391c7cedb1bdc288929d4310bdd6f0/cramjam-2.10.0-cp313-cp313-musllinux_1_1_armv7l.whl", hash = "sha256:636a48e2d01fe8d7955e9523efd2f8efce55a0221f3b5d5b4bdf37c7ff056bf1", size = 2152536 },
    { url = "https://files.pythonhosted.org/packages/c3/36/2f4353217477d017300676545cfa7bef8e55a1fa818b4fb97c2ab6d7bfd4/cramjam-2.10.0-cp313-cp313-musllinux_1_1_i686.whl", hash = "sha256:44c15f6117031a84497433b5f55d30ee72d438fdcba9778fec0c5ca5d416aa96", size = 2162962 },
    { url = "https://files.pythonhosted.org/packages/ed/d2/808533ea5d8cccfa2bd272dc9900fa47d6cb93a6d0b2b18bcc23b0962a08/cramjam-2.10.0-cp313-cp313-musllinux_1_1_x86_64.whl", hash = "sha256:76e4e42f2ecf1aca0a710adaa23000a192efb81a2aee3bcc16761f1777f08a74", size = 2132699 },
    { url = "https://files.pythonhosted.org/packages/f9/18/f8a96e4e2448196ce39be0684053e48b2920a2f6b8467b43cc8be62476aa/cramjam-2.10.0-cp313-cp313-win32.whl", hash = "sha256:5b34f4678d386c64d3be402fdf67f75e8f1869627ea2ec4decd43e828d3b6fba", size = 1597001 },
    { url = "https://files.pythonhosted.org/packages/dc/4f/d90e9a8379452e3882e4d937ca566a5286eea98811571a7da0277959253e/cramjam-2.10.0-cp313-cp313-win_amd64.whl", hash = "sha256:88754dd516f0e2f4dd242880b8e760dc854e917315a17fe3fc626475bea9b252", size = 1699339 },
]

[[package]]
name = "et-xmlfile"
version = "2.0.0"
source = { registry = "https://pypi.org/simple" }
sdist = { url = "https://files.pythonhosted.org/packages/d3/38/af70d7ab1ae9d4da450eeec1fa3918940a5fafb9055e934af8d6eb0c2313/et_xmlfile-2.0.0.tar.gz", hash = "sha256:dab3f4764309081ce75662649be815c4c9081e88f0837825f90fd28317d4da54", size = 17234 }
wheels = [
    { url = "https://files.pythonhosted.org/packages/c1/8b/5fe2cc11fee489817272089c4203e679c63b570a5aaeb18d852ae3cbba6a/et_xmlfile-2.0.0-py3-none-any.whl", hash = "sha256:7a91720bc756843502c3b7504c77b8fe44217c85c537d85037f0f536151b2caa", size = 18059 },
]

[[package]]
name = "fastparquet"
version = "2024.11.0"
source = { registry = "https://pypi.org/simple" }
dependencies = [
    { name = "cramjam" },
    { name = "fsspec" },
    { name = "numpy" },
    { name = "packaging" },
    { name = "pandas" },
]
sdist = { url = "https://files.pythonhosted.org/packages/b4/66/862da14f5fde4eff2cedc0f51a8dc34ba145088e5041b45b2d57ac54f922/fastparquet-2024.11.0.tar.gz", hash = "sha256:e3b1fc73fd3e1b70b0de254bae7feb890436cb67e99458b88cb9bd3cc44db419", size = 467192 }
wheels = [
    { url = "https://files.pythonhosted.org/packages/47/e3/e7db38704be5db787270d43dde895eaa1a825ab25dc245e71df70860ec12/fastparquet-2024.11.0-cp313-cp313-macosx_10_13_universal2.whl", hash = "sha256:59e5c5b51083d5b82572cdb7aed0346e3181e3ac9d2e45759da2e804bdafa7ee", size = 912523 },
    { url = "https://files.pythonhosted.org/packages/d3/66/e3387c99293dae441634e7724acaa425b27de19a00ee3d546775dace54a9/fastparquet-2024.11.0-cp313-cp313-macosx_11_0_arm64.whl", hash = "sha256:bdadf7b6bad789125b823bfc5b0a719ba5c4a2ef965f973702d3ea89cff057f6", size = 683779 },
    { url = "https://files.pythonhosted.org/packages/0a/21/d112d0573d086b578bf04302a502e9a7605ea8f1244a7b8577cd945eec78/fastparquet-2024.11.0-cp313-cp313-manylinux_2_17_aarch64.manylinux2014_aarch64.whl", hash = "sha256:46b2db02fc2a1507939d35441c8ab211d53afd75d82eec9767d1c3656402859b", size = 1751113 },
    { url = "https://files.pythonhosted.org/packages/6b/a7/040507cee3a7798954e8fdbca21d2dbc532774b02b882d902b8a4a6849ef/fastparquet-2024.11.0-cp313-cp313-manylinux_2_17_x86_64.manylinux2014_x86_64.whl", hash = "sha256:a3afdef2895c9f459135a00a7ed3ceafebfbce918a9e7b5d550e4fae39c1b64d", size = 1780496 },
    { url = "https://files.pythonhosted.org/packages/bc/75/d0d9f7533d780ec167eede16ad88073ee71696150511126c31940e7f73aa/fastparquet-2024.11.0-cp313-cp313-manylinux_2_5_i686.manylinux1_i686.manylinux_2_17_i686.manylinux2014_i686.whl", hash = "sha256:36b5c9bd2ffaaa26ff45d59a6cefe58503dd748e0c7fad80dd905749da0f2b9e", size = 1713608 },
    { url = "https://files.pythonhosted.org/packages/30/fa/1d95bc86e45e80669c4f374b2ca26a9e5895a1011bb05d6341b4a7414693/fastparquet-2024.11.0-cp313-cp313-musllinux_1_2_i686.whl", hash = "sha256:6b7df5d3b61a19d76e209fe8d3133759af1c139e04ebc6d43f3cc2d8045ef338", size = 1792779 },
    { url = "https://files.pythonhosted.org/packages/13/3d/c076beeb926c79593374c04662a9422a76650eef17cd1c8e10951340764a/fastparquet-2024.11.0-cp313-cp313-musllinux_1_2_x86_64.whl", hash = "sha256:8b35823ac7a194134e5f82fa4a9659e42e8f9ad1f2d22a55fbb7b9e4053aabbb", size = 1851322 },
    { url = "https://files.pythonhosted.org/packages/09/5a/1d0d47e64816002824d4a876644e8c65540fa23f91b701f0daa726931545/fastparquet-2024.11.0-cp313-cp313-win_amd64.whl", hash = "sha256:d20632964e65530374ff7cddd42cc06aa0a1388934903693d6d22592a5ba827b", size = 673266 },
]

[[package]]
name = "fsspec"
version = "2025.7.0"
source = { registry = "https://pypi.org/simple" }
sdist = { url = "https://files.pythonhosted.org/packages/8b/02/0835e6ab9cfc03916fe3f78c0956cfcdb6ff2669ffa6651065d5ebf7fc98/fsspec-2025.7.0.tar.gz", hash = "sha256:786120687ffa54b8283d942929540d8bc5ccfa820deb555a2b5d0ed2b737bf58", size = 304432 }
wheels = [
    { url = "https://files.pythonhosted.org/packages/2f/e0/014d5d9d7a4564cf1c40b5039bc882db69fd881111e03ab3657ac0b218e2/fsspec-2025.7.0-py3-none-any.whl", hash = "sha256:8b012e39f63c7d5f10474de957f3ab793b47b45ae7d39f2fb735f8bbe25c0e21", size = 199597 },
]

[[package]]
name = "idna"
version = "3.10"
source = { registry = "https://pypi.org/simple" }
sdist = { url = "https://files.pythonhosted.org/packages/f1/70/7703c29685631f5a7590aa73f1f1d3fa9a380e654b86af429e0934a32f7d/idna-3.10.tar.gz", hash = "sha256:12f65c9b470abda6dc35cf8e63cc574b1c52b11df2c86030af0ac09b01b13ea9", size = 190490 }
wheels = [
    { url = "https://files.pythonhosted.org/packages/76/c6/c88e154df9c4e1a2a66ccf0005a88dfb2650c1dffb6f5ce603dfbd452ce3/idna-3.10-py3-none-any.whl", hash = "sha256:946d195a0d259cbba61165e88e65941f16e9b36ea6ddb97f00452bae8b1287d3", size = 70442 },
]

[[package]]
name = "numpy"
version = "2.3.2"
source = { registry = "https://pypi.org/simple" }
sdist = { url = "https://files.pythonhosted.org/packages/37/7d/3fec4199c5ffb892bed55cff901e4f39a58c81df9c44c280499e92cad264/numpy-2.3.2.tar.gz", hash = "sha256:e0486a11ec30cdecb53f184d496d1c6a20786c81e55e41640270130056f8ee48", size = 20489306 }
wheels = [
    { url = "https://files.pythonhosted.org/packages/1c/c0/c6bb172c916b00700ed3bf71cb56175fd1f7dbecebf8353545d0b5519f6c/numpy-2.3.2-cp313-cp313-macosx_10_13_x86_64.whl", hash = "sha256:c8d9727f5316a256425892b043736d63e89ed15bbfe6556c5ff4d9d4448ff3b3", size = 20949074 },
    { url = "https://files.pythonhosted.org/packages/20/4e/c116466d22acaf4573e58421c956c6076dc526e24a6be0903219775d862e/numpy-2.3.2-cp313-cp313-macosx_11_0_arm64.whl", hash = "sha256:efc81393f25f14d11c9d161e46e6ee348637c0a1e8a54bf9dedc472a3fae993b", size = 14177311 },
    { url = "https://files.pythonhosted.org/packages/78/45/d4698c182895af189c463fc91d70805d455a227261d950e4e0f1310c2550/numpy-2.3.2-cp313-cp313-macosx_14_0_arm64.whl", hash = "sha256:dd937f088a2df683cbb79dda9a772b62a3e5a8a7e76690612c2737f38c6ef1b6", size = 5106022 },
    { url = "https://files.pythonhosted.org/packages/9f/76/3e6880fef4420179309dba72a8c11f6166c431cf6dee54c577af8906f914/numpy-2.3.2-cp313-cp313-macosx_14_0_x86_64.whl", hash = "sha256:11e58218c0c46c80509186e460d79fbdc9ca1eb8d8aee39d8f2dc768eb781089", size = 6640135 },
    { url = "https://files.pythonhosted.org/packages/34/fa/87ff7f25b3c4ce9085a62554460b7db686fef1e0207e8977795c7b7d7ba1/numpy-2.3.2-cp313-cp313-manylinux_2_27_aarch64.manylinux_2_28_aarch64.whl", hash = "sha256:5ad4ebcb683a1f99f4f392cc522ee20a18b2bb12a2c1c42c3d48d5a1adc9d3d2", size = 14278147 },
    { url = "https://files.pythonhosted.org/packages/1d/0f/571b2c7a3833ae419fe69ff7b479a78d313581785203cc70a8db90121b9a/numpy-2.3.2-cp313-cp313-manylinux_2_27_x86_64.manylinux_2_28_x86_64.whl", hash = "sha256:938065908d1d869c7d75d8ec45f735a034771c6ea07088867f713d1cd3bbbe4f", size = 16635989 },
    { url = "https://files.pythonhosted.org/packages/24/5a/84ae8dca9c9a4c592fe11340b36a86ffa9fd3e40513198daf8a97839345c/numpy-2.3.2-cp313-cp313-musllinux_1_2_aarch64.whl", hash = "sha256:66459dccc65d8ec98cc7df61307b64bf9e08101f9598755d42d8ae65d9a7a6ee", size = 16053052 },
    { url = "https://files.pythonhosted.org/packages/57/7c/e5725d99a9133b9813fcf148d3f858df98511686e853169dbaf63aec6097/numpy-2.3.2-cp313-cp313-musllinux_1_2_x86_64.whl", hash = "sha256:a7af9ed2aa9ec5950daf05bb11abc4076a108bd3c7db9aa7251d5f107079b6a6", size = 18577955 },
    { url = "https://files.pythonhosted.org/packages/ae/11/7c546fcf42145f29b71e4d6f429e96d8d68e5a7ba1830b2e68d7418f0bbd/numpy-2.3.2-cp313-cp313-win32.whl", hash = "sha256:906a30249315f9c8e17b085cc5f87d3f369b35fedd0051d4a84686967bdbbd0b", size = 6311843 },
    { url = "https://files.pythonhosted.org/packages/aa/6f/a428fd1cb7ed39b4280d057720fed5121b0d7754fd2a9768640160f5517b/numpy-2.3.2-cp313-cp313-win_amd64.whl", hash = "sha256:c63d95dc9d67b676e9108fe0d2182987ccb0f11933c1e8959f42fa0da8d4fa56", size = 12782876 },
    { url = "https://files.pythonhosted.org/packages/65/85/4ea455c9040a12595fb6c43f2c217257c7b52dd0ba332c6a6c1d28b289fe/numpy-2.3.2-cp313-cp313-win_arm64.whl", hash = "sha256:b05a89f2fb84d21235f93de47129dd4f11c16f64c87c33f5e284e6a3a54e43f2", size = 10192786 },
    { url = "https://files.pythonhosted.org/packages/80/23/8278f40282d10c3f258ec3ff1b103d4994bcad78b0cba9208317f6bb73da/numpy-2.3.2-cp313-cp313t-macosx_10_13_x86_64.whl", hash = "sha256:4e6ecfeddfa83b02318f4d84acf15fbdbf9ded18e46989a15a8b6995dfbf85ab", size = 21047395 },
    { url = "https://files.pythonhosted.org/packages/1f/2d/624f2ce4a5df52628b4ccd16a4f9437b37c35f4f8a50d00e962aae6efd7a/numpy-2.3.2-cp313-cp313t-macosx_11_0_arm64.whl", hash = "sha256:508b0eada3eded10a3b55725b40806a4b855961040180028f52580c4729916a2", size = 14300374 },
    { url = "https://files.pythonhosted.org/packages/f6/62/ff1e512cdbb829b80a6bd08318a58698867bca0ca2499d101b4af063ee97/numpy-2.3.2-cp313-cp313t-macosx_14_0_arm64.whl", hash = "sha256:754d6755d9a7588bdc6ac47dc4ee97867271b17cee39cb87aef079574366db0a", size = 5228864 },
    { url = "https://files.pythonhosted.org/packages/7d/8e/74bc18078fff03192d4032cfa99d5a5ca937807136d6f5790ce07ca53515/numpy-2.3.2-cp313-cp313t-macosx_14_0_x86_64.whl", hash = "sha256:a9f66e7d2b2d7712410d3bc5684149040ef5f19856f20277cd17ea83e5006286", size = 6737533 },
    { url = "https://files.pythonhosted.org/packages/19/ea/0731efe2c9073ccca5698ef6a8c3667c4cf4eea53fcdcd0b50140aba03bc/numpy-2.3.2-cp313-cp313t-manylinux_2_27_aarch64.manylinux_2_28_aarch64.whl", hash = "sha256:de6ea4e5a65d5a90c7d286ddff2b87f3f4ad61faa3db8dabe936b34c2275b6f8", size = 14352007 },
    { url = "https://files.pythonhosted.org/packages/cf/90/36be0865f16dfed20f4bc7f75235b963d5939707d4b591f086777412ff7b/numpy-2.3.2-cp313-cp313t-manylinux_2_27_x86_64.manylinux_2_28_x86_64.whl", hash = "sha256:a3ef07ec8cbc8fc9e369c8dcd52019510c12da4de81367d8b20bc692aa07573a", size = 16701914 },
    { url = "https://files.pythonhosted.org/packages/94/30/06cd055e24cb6c38e5989a9e747042b4e723535758e6153f11afea88c01b/numpy-2.3.2-cp313-cp313t-musllinux_1_2_aarch64.whl", hash = "sha256:27c9f90e7481275c7800dc9c24b7cc40ace3fdb970ae4d21eaff983a32f70c91", size = 16132708 },
    { url = "https://files.pythonhosted.org/packages/9a/14/ecede608ea73e58267fd7cb78f42341b3b37ba576e778a1a06baffbe585c/numpy-2.3.2-cp313-cp313t-musllinux_1_2_x86_64.whl", hash = "sha256:07b62978075b67eee4065b166d000d457c82a1efe726cce608b9db9dd66a73a5", size = 18651678 },
    { url = "https://files.pythonhosted.org/packages/40/f3/2fe6066b8d07c3685509bc24d56386534c008b462a488b7f503ba82b8923/numpy-2.3.2-cp313-cp313t-win32.whl", hash = "sha256:c771cfac34a4f2c0de8e8c97312d07d64fd8f8ed45bc9f5726a7e947270152b5", size = 6441832 },
    { url = "https://files.pythonhosted.org/packages/0b/ba/0937d66d05204d8f28630c9c60bc3eda68824abde4cf756c4d6aad03b0c6/numpy-2.3.2-cp313-cp313t-win_amd64.whl", hash = "sha256:72dbebb2dcc8305c431b2836bcc66af967df91be793d63a24e3d9b741374c450", size = 12927049 },
    { url = "https://files.pythonhosted.org/packages/e9/ed/13542dd59c104d5e654dfa2ac282c199ba64846a74c2c4bcdbc3a0f75df1/numpy-2.3.2-cp313-cp313t-win_arm64.whl", hash = "sha256:72c6df2267e926a6d5286b0a6d556ebe49eae261062059317837fda12ddf0c1a", size = 10262935 },
    { url = "https://files.pythonhosted.org/packages/c9/7c/7659048aaf498f7611b783e000c7268fcc4dcf0ce21cd10aad7b2e8f9591/numpy-2.3.2-cp314-cp314-macosx_10_13_x86_64.whl", hash = "sha256:448a66d052d0cf14ce9865d159bfc403282c9bc7bb2a31b03cc18b651eca8b1a", size = 20950906 },
    { url = "https://files.pythonhosted.org/packages/80/db/984bea9d4ddf7112a04cfdfb22b1050af5757864cfffe8e09e44b7f11a10/numpy-2.3.2-cp314-cp314-macosx_11_0_arm64.whl", hash = "sha256:546aaf78e81b4081b2eba1d105c3b34064783027a06b3ab20b6eba21fb64132b", size = 14185607 },
    { url = "https://files.pythonhosted.org/packages/e4/76/b3d6f414f4eca568f469ac112a3b510938d892bc5a6c190cb883af080b77/numpy-2.3.2-cp314-cp314-macosx_14_0_arm64.whl", hash = "sha256:87c930d52f45df092f7578889711a0768094debf73cfcde105e2d66954358125", size = 5114110 },
    { url = "https://files.pythonhosted.org/packages/9e/d2/6f5e6826abd6bca52392ed88fe44a4b52aacb60567ac3bc86c67834c3a56/numpy-2.3.2-cp314-cp314-macosx_14_0_x86_64.whl", hash = "sha256:8dc082ea901a62edb8f59713c6a7e28a85daddcb67454c839de57656478f5b19", size = 6642050 },
    { url = "https://files.pythonhosted.org/packages/c4/43/f12b2ade99199e39c73ad182f103f9d9791f48d885c600c8e05927865baf/numpy-2.3.2-cp314-cp314-manylinux_2_27_aarch64.manylinux_2_28_aarch64.whl", hash = "sha256:af58de8745f7fa9ca1c0c7c943616c6fe28e75d0c81f5c295810e3c83b5be92f", size = 14296292 },
    { url = "https://files.pythonhosted.org/packages/5d/f9/77c07d94bf110a916b17210fac38680ed8734c236bfed9982fd8524a7b47/numpy-2.3.2-cp314-cp314-manylinux_2_27_x86_64.manylinux_2_28_x86_64.whl", hash = "sha256:fed5527c4cf10f16c6d0b6bee1f89958bccb0ad2522c8cadc2efd318bcd545f5", size = 16638913 },
    { url = "https://files.pythonhosted.org/packages/9b/d1/9d9f2c8ea399cc05cfff8a7437453bd4e7d894373a93cdc46361bbb49a7d/numpy-2.3.2-cp314-cp314-musllinux_1_2_aarch64.whl", hash = "sha256:095737ed986e00393ec18ec0b21b47c22889ae4b0cd2d5e88342e08b01141f58", size = 16071180 },
    { url = "https://files.pythonhosted.org/packages/4c/41/82e2c68aff2a0c9bf315e47d61951099fed65d8cb2c8d9dc388cb87e947e/numpy-2.3.2-cp314-cp314-musllinux_1_2_x86_64.whl", hash = "sha256:b5e40e80299607f597e1a8a247ff8d71d79c5b52baa11cc1cce30aa92d2da6e0", size = 18576809 },
    { url = "https://files.pythonhosted.org/packages/14/14/4b4fd3efb0837ed252d0f583c5c35a75121038a8c4e065f2c259be06d2d8/numpy-2.3.2-cp314-cp314-win32.whl", hash = "sha256:7d6e390423cc1f76e1b8108c9b6889d20a7a1f59d9a60cac4a050fa734d6c1e2", size = 6366410 },
    { url = "https://files.pythonhosted.org/packages/11/9e/b4c24a6b8467b61aced5c8dc7dcfce23621baa2e17f661edb2444a418040/numpy-2.3.2-cp314-cp314-win_amd64.whl", hash = "sha256:b9d0878b21e3918d76d2209c924ebb272340da1fb51abc00f986c258cd5e957b", size = 12918821 },
    { url = "https://files.pythonhosted.org/packages/0e/0f/0dc44007c70b1007c1cef86b06986a3812dd7106d8f946c09cfa75782556/numpy-2.3.2-cp314-cp314-win_arm64.whl", hash = "sha256:2738534837c6a1d0c39340a190177d7d66fdf432894f469728da901f8f6dc910", size = 10477303 },
    { url = "https://files.pythonhosted.org/packages/8b/3e/075752b79140b78ddfc9c0a1634d234cfdbc6f9bbbfa6b7504e445ad7d19/numpy-2.3.2-cp314-cp314t-macosx_10_13_x86_64.whl", hash = "sha256:4d002ecf7c9b53240be3bb69d80f86ddbd34078bae04d87be81c1f58466f264e", size = 21047524 },
    { url = "https://files.pythonhosted.org/packages/fe/6d/60e8247564a72426570d0e0ea1151b95ce5bd2f1597bb878a18d32aec855/numpy-2.3.2-cp314-cp314t-macosx_11_0_arm64.whl", hash = "sha256:293b2192c6bcce487dbc6326de5853787f870aeb6c43f8f9c6496db5b1781e45", size = 14300519 },
    { url = "https://files.pythonhosted.org/packages/4d/73/d8326c442cd428d47a067070c3ac6cc3b651a6e53613a1668342a12d4479/numpy-2.3.2-cp314-cp314t-macosx_14_0_arm64.whl", hash = "sha256:0a4f2021a6da53a0d580d6ef5db29947025ae8b35b3250141805ea9a32bbe86b", size = 5228972 },
    { url = "https://files.pythonhosted.org/packages/34/2e/e71b2d6dad075271e7079db776196829019b90ce3ece5c69639e4f6fdc44/numpy-2.3.2-cp314-cp314t-macosx_14_0_x86_64.whl", hash = "sha256:9c144440db4bf3bb6372d2c3e49834cc0ff7bb4c24975ab33e01199e645416f2", size = 6737439 },
    { url = "https://files.pythonhosted.org/packages/15/b0/d004bcd56c2c5e0500ffc65385eb6d569ffd3363cb5e593ae742749b2daa/numpy-2.3.2-cp314-cp314t-manylinux_2_27_aarch64.manylinux_2_28_aarch64.whl", hash = "sha256:f92d6c2a8535dc4fe4419562294ff957f83a16ebdec66df0805e473ffaad8bd0", size = 14352479 },
    { url = "https://files.pythonhosted.org/packages/11/e3/285142fcff8721e0c99b51686426165059874c150ea9ab898e12a492e291/numpy-2.3.2-cp314-cp314t-manylinux_2_27_x86_64.manylinux_2_28_x86_64.whl", hash = "sha256:cefc2219baa48e468e3db7e706305fcd0c095534a192a08f31e98d83a7d45fb0", size = 16702805 },
    { url = "https://files.pythonhosted.org/packages/33/c3/33b56b0e47e604af2c7cd065edca892d180f5899599b76830652875249a3/numpy-2.3.2-cp314-cp314t-musllinux_1_2_aarch64.whl", hash = "sha256:76c3e9501ceb50b2ff3824c3589d5d1ab4ac857b0ee3f8f49629d0de55ecf7c2", size = 16133830 },
    { url = "https://files.pythonhosted.org/packages/6e/ae/7b1476a1f4d6a48bc669b8deb09939c56dd2a439db1ab03017844374fb67/numpy-2.3.2-cp314-cp314t-musllinux_1_2_x86_64.whl", hash = "sha256:122bf5ed9a0221b3419672493878ba4967121514b1d7d4656a7580cd11dddcbf", size = 18652665 },
    { url = "https://files.pythonhosted.org/packages/14/ba/5b5c9978c4bb161034148ade2de9db44ec316fab89ce8c400db0e0c81f86/numpy-2.3.2-cp314-cp314t-win32.whl", hash = "sha256:6f1ae3dcb840edccc45af496f312528c15b1f79ac318169d094e85e4bb35fdf1", size = 6514777 },
    { url = "https://files.pythonhosted.org/packages/eb/46/3dbaf0ae7c17cdc46b9f662c56da2054887b8d9e737c1476f335c83d33db/numpy-2.3.2-cp314-cp314t-win_amd64.whl", hash = "sha256:087ffc25890d89a43536f75c5fe8770922008758e8eeeef61733957041ed2f9b", size = 13111856 },
    { url = "https://files.pythonhosted.org/packages/c1/9e/1652778bce745a67b5fe05adde60ed362d38eb17d919a540e813d30f6874/numpy-2.3.2-cp314-cp314t-win_arm64.whl", hash = "sha256:092aeb3449833ea9c0bf0089d70c29ae480685dd2377ec9cdbbb620257f84631", size = 10544226 },
]

[[package]]
name = "openpyxl"
version = "3.1.5"
source = { registry = "https://pypi.org/simple" }
dependencies = [
    { name = "et-xmlfile" },
]
sdist = { url = "https://files.pythonhosted.org/packages/3d/f9/88d94a75de065ea32619465d2f77b29a0469500e99012523b91cc4141cd1/openpyxl-3.1.5.tar.gz", hash = "sha256:cf0e3cf56142039133628b5acffe8ef0c12bc902d2aadd3e0fe5878dc08d1050", size = 186464 }
wheels = [
    { url = "https://files.pythonhosted.org/packages/c0/da/977ded879c29cbd04de313843e76868e6e13408a94ed6b987245dc7c8506/openpyxl-3.1.5-py2.py3-none-any.whl", hash = "sha256:5282c12b107bffeef825f4617dc029afaf41d0ea60823bbb665ef3079dc79de2", size = 250910 },
]

[[package]]
name = "packaging"
version = "25.0"
source = { registry = "https://pypi.org/simple" }
sdist = { url = "https://files.pythonhosted.org/packages/a1/d4/1fc4078c65507b51b96ca8f8c3ba19e6a61c8253c72794544580a7b6c24d/packaging-25.0.tar.gz", hash = "sha256:d443872c98d677bf60f6a1f2f8c1cb748e8fe762d2bf9d3148b5599295b0fc4f", size = 165727 }
wheels = [
    { url = "https://files.pythonhosted.org/packages/20/12/38679034af332785aac8774540895e234f4d07f7545804097de4b666afd8/packaging-25.0-py3-none-any.whl", hash = "sha256:29572ef2b1f17581046b3a2227d5c611fb25ec70ca1ba8554b24b0e69331a484", size = 66469 },
]

[[package]]
name = "pandas"
version = "2.3.1"
source = { registry = "https://pypi.org/simple" }
dependencies = [
    { name = "numpy" },
    { name = "python-dateutil" },
    { name = "pytz" },
    { name = "tzdata" },
]
sdist = { url = "https://files.pythonhosted.org/packages/d1/6f/75aa71f8a14267117adeeed5d21b204770189c0a0025acbdc03c337b28fc/pandas-2.3.1.tar.gz", hash = "sha256:0a95b9ac964fe83ce317827f80304d37388ea77616b1425f0ae41c9d2d0d7bb2", size = 4487493 }
wheels = [
    { url = "https://files.pythonhosted.org/packages/32/ed/ff0a67a2c5505e1854e6715586ac6693dd860fbf52ef9f81edee200266e7/pandas-2.3.1-cp313-cp313-macosx_10_13_x86_64.whl", hash = "sha256:9026bd4a80108fac2239294a15ef9003c4ee191a0f64b90f170b40cfb7cf2d22", size = 11531393 },
    { url = "https://files.pythonhosted.org/packages/c7/db/d8f24a7cc9fb0972adab0cc80b6817e8bef888cfd0024eeb5a21c0bb5c4a/pandas-2.3.1-cp313-cp313-macosx_11_0_arm64.whl", hash = "sha256:6de8547d4fdb12421e2d047a2c446c623ff4c11f47fddb6b9169eb98ffba485a", size = 10668750 },
    { url = "https://files.pythonhosted.org/packages/0f/b0/80f6ec783313f1e2356b28b4fd8d2148c378370045da918c73145e6aab50/pandas-2.3.1-cp313-cp313-manylinux_2_17_aarch64.manylinux2014_aarch64.whl", hash = "sha256:782647ddc63c83133b2506912cc6b108140a38a37292102aaa19c81c83db2928", size = 11342004 },
    { url = "https://files.pythonhosted.org/packages/e9/e2/20a317688435470872885e7fc8f95109ae9683dec7c50be29b56911515a5/pandas-2.3.1-cp313-cp313-manylinux_2_17_x86_64.manylinux2014_x86_64.whl", hash = "sha256:2ba6aff74075311fc88504b1db890187a3cd0f887a5b10f5525f8e2ef55bfdb9", size = 12050869 },
    { url = "https://files.pythonhosted.org/packages/55/79/20d746b0a96c67203a5bee5fb4e00ac49c3e8009a39e1f78de264ecc5729/pandas-2.3.1-cp313-cp313-musllinux_1_2_aarch64.whl", hash = "sha256:e5635178b387bd2ba4ac040f82bc2ef6e6b500483975c4ebacd34bec945fda12", size = 12750218 },
    { url = "https://files.pythonhosted.org/packages/7c/0f/145c8b41e48dbf03dd18fdd7f24f8ba95b8254a97a3379048378f33e7838/pandas-2.3.1-cp313-cp313-musllinux_1_2_x86_64.whl", hash = "sha256:6f3bf5ec947526106399a9e1d26d40ee2b259c66422efdf4de63c848492d91bb", size = 13416763 },
    { url = "https://files.pythonhosted.org/packages/b2/c0/54415af59db5cdd86a3d3bf79863e8cc3fa9ed265f0745254061ac09d5f2/pandas-2.3.1-cp313-cp313-win_amd64.whl", hash = "sha256:1c78cf43c8fde236342a1cb2c34bcff89564a7bfed7e474ed2fffa6aed03a956", size = 10987482 },
    { url = "https://files.pythonhosted.org/packages/48/64/2fd2e400073a1230e13b8cd604c9bc95d9e3b962e5d44088ead2e8f0cfec/pandas-2.3.1-cp313-cp313t-macosx_10_13_x86_64.whl", hash = "sha256:8dfc17328e8da77be3cf9f47509e5637ba8f137148ed0e9b5241e1baf526e20a", size = 12029159 },
    { url = "https://files.pythonhosted.org/packages/d8/0a/d84fd79b0293b7ef88c760d7dca69828d867c89b6d9bc52d6a27e4d87316/pandas-2.3.1-cp313-cp313t-macosx_11_0_arm64.whl", hash = "sha256:ec6c851509364c59a5344458ab935e6451b31b818be467eb24b0fe89bd05b6b9", size = 11393287 },
    { url = "https://files.pythonhosted.org/packages/50/ae/ff885d2b6e88f3c7520bb74ba319268b42f05d7e583b5dded9837da2723f/pandas-2.3.1-cp313-cp313t-manylinux_2_17_aarch64.manylinux2014_aarch64.whl", hash = "sha256:911580460fc4884d9b05254b38a6bfadddfcc6aaef856fb5859e7ca202e45275", size = 11309381 },
    { url = "https://files.pythonhosted.org/packages/85/86/1fa345fc17caf5d7780d2699985c03dbe186c68fee00b526813939062bb0/pandas-2.3.1-cp313-cp313t-manylinux_2_17_x86_64.manylinux2014_x86_64.whl", hash = "sha256:2f4d6feeba91744872a600e6edbbd5b033005b431d5ae8379abee5bcfa479fab", size = 11883998 },
    { url = "https://files.pythonhosted.org/packages/81/aa/e58541a49b5e6310d89474333e994ee57fea97c8aaa8fc7f00b873059bbf/pandas-2.3.1-cp313-cp313t-musllinux_1_2_aarch64.whl", hash = "sha256:fe37e757f462d31a9cd7580236a82f353f5713a80e059a29753cf938c6775d96", size = 12704705 },
    { url = "https://files.pythonhosted.org/packages/d5/f9/07086f5b0f2a19872554abeea7658200824f5835c58a106fa8f2ae96a46c/pandas-2.3.1-cp313-cp313t-musllinux_1_2_x86_64.whl", hash = "sha256:5db9637dbc24b631ff3707269ae4559bce4b7fd75c1c4d7e13f40edc42df4444", size = 13189044 },
]

[[package]]
name = "pyarrow"
version = "21.0.0"
source = { registry = "https://pypi.org/simple" }
sdist = { url = "https://files.pythonhosted.org/packages/ef/c2/ea068b8f00905c06329a3dfcd40d0fcc2b7d0f2e355bdb25b65e0a0e4cd4/pyarrow-21.0.0.tar.gz", hash = "sha256:5051f2dccf0e283ff56335760cbc8622cf52264d67e359d5569541ac11b6d5bc", size = 1133487 }
wheels = [
    { url = "https://files.pythonhosted.org/packages/16/ca/c7eaa8e62db8fb37ce942b1ea0c6d7abfe3786ca193957afa25e71b81b66/pyarrow-21.0.0-cp313-cp313-macosx_12_0_arm64.whl", hash = "sha256:e99310a4ebd4479bcd1964dff9e14af33746300cb014aa4a3781738ac63baf4a", size = 31154306 },
    { url = "https://files.pythonhosted.org/packages/ce/e8/e87d9e3b2489302b3a1aea709aaca4b781c5252fcb812a17ab6275a9a484/pyarrow-21.0.0-cp313-cp313-macosx_12_0_x86_64.whl", hash = "sha256:d2fe8e7f3ce329a71b7ddd7498b3cfac0eeb200c2789bd840234f0dc271a8efe", size = 32680622 },
    { url = "https://files.pythonhosted.org/packages/84/52/79095d73a742aa0aba370c7942b1b655f598069489ab387fe47261a849e1/pyarrow-21.0.0-cp313-cp313-manylinux_2_28_aarch64.whl", hash = "sha256:f522e5709379d72fb3da7785aa489ff0bb87448a9dc5a75f45763a795a089ebd", size = 41104094 },
    { url = "https://files.pythonhosted.org/packages/89/4b/7782438b551dbb0468892a276b8c789b8bbdb25ea5c5eb27faadd753e037/pyarrow-21.0.0-cp313-cp313-manylinux_2_28_x86_64.whl", hash = "sha256:69cbbdf0631396e9925e048cfa5bce4e8c3d3b41562bbd70c685a8eb53a91e61", size = 42825576 },
    { url = "https://files.pythonhosted.org/packages/b3/62/0f29de6e0a1e33518dec92c65be0351d32d7ca351e51ec5f4f837a9aab91/pyarrow-21.0.0-cp313-cp313-musllinux_1_2_aarch64.whl", hash = "sha256:731c7022587006b755d0bdb27626a1a3bb004bb56b11fb30d98b6c1b4718579d", size = 43368342 },
    { url = "https://files.pythonhosted.org/packages/90/c7/0fa1f3f29cf75f339768cc698c8ad4ddd2481c1742e9741459911c9ac477/pyarrow-21.0.0-cp313-cp313-musllinux_1_2_x86_64.whl", hash = "sha256:dc56bc708f2d8ac71bd1dcb927e458c93cec10b98eb4120206a4091db7b67b99", size = 45131218 },
    { url = "https://files.pythonhosted.org/packages/01/63/581f2076465e67b23bc5a37d4a2abff8362d389d29d8105832e82c9c811c/pyarrow-21.0.0-cp313-cp313-win_amd64.whl", hash = "sha256:186aa00bca62139f75b7de8420f745f2af12941595bbbfa7ed3870ff63e25636", size = 26087551 },
    { url = "https://files.pythonhosted.org/packages/c9/ab/357d0d9648bb8241ee7348e564f2479d206ebe6e1c47ac5027c2e31ecd39/pyarrow-21.0.0-cp313-cp313t-macosx_12_0_arm64.whl", hash = "sha256:a7a102574faa3f421141a64c10216e078df467ab9576684d5cd696952546e2da", size = 31290064 },
    { url = "https://files.pythonhosted.org/packages/3f/8a/5685d62a990e4cac2043fc76b4661bf38d06efed55cf45a334b455bd2759/pyarrow-21.0.0-cp313-cp313t-macosx_12_0_x86_64.whl", hash = "sha256:1e005378c4a2c6db3ada3ad4c217b381f6c886f0a80d6a316fe586b90f77efd7", size = 32727837 },
    { url = "https://files.pythonhosted.org/packages/fc/de/c0828ee09525c2bafefd3e736a248ebe764d07d0fd762d4f0929dbc516c9/pyarrow-21.0.0-cp313-cp313t-manylinux_2_28_aarch64.whl", hash = "sha256:65f8e85f79031449ec8706b74504a316805217b35b6099155dd7e227eef0d4b6", size = 41014158 },
    { url = "https://files.pythonhosted.org/packages/6e/26/a2865c420c50b7a3748320b614f3484bfcde8347b2639b2b903b21ce6a72/pyarrow-21.0.0-cp313-cp313t-manylinux_2_28_x86_64.whl", hash = "sha256:3a81486adc665c7eb1a2bde0224cfca6ceaba344a82a971ef059678417880eb8", size = 42667885 },
    { url = "https://files.pythonhosted.org/packages/0a/f9/4ee798dc902533159250fb4321267730bc0a107d8c6889e07c3add4fe3a5/pyarrow-21.0.0-cp313-cp313t-musllinux_1_2_aarch64.whl", hash = "sha256:fc0d2f88b81dcf3ccf9a6ae17f89183762c8a94a5bdcfa09e05cfe413acf0503", size = 43276625 },
    { url = "https://files.pythonhosted.org/packages/5a/da/e02544d6997037a4b0d22d8e5f66bc9315c3671371a8b18c79ade1cefe14/pyarrow-21.0.0-cp313-cp313t-musllinux_1_2_x86_64.whl", hash = "sha256:6299449adf89df38537837487a4f8d3bd91ec94354fdd2a7d30bc11c48ef6e79", size = 44951890 },
    { url = "https://files.pythonhosted.org/packages/e5/4e/519c1bc1876625fe6b71e9a28287c43ec2f20f73c658b9ae1d485c0c206e/pyarrow-21.0.0-cp313-cp313t-win_amd64.whl", hash = "sha256:222c39e2c70113543982c6b34f3077962b44fca38c0bd9e68bb6781534425c10", size = 26371006 },
]

[[package]]
name = "python-dateutil"
version = "2.9.0.post0"
source = { registry = "https://pypi.org/simple" }
dependencies = [
    { name = "six" },
]
sdist = { url = "https://files.pythonhosted.org/packages/66/c0/0c8b6ad9f17a802ee498c46e004a0eb49bc148f2fd230864601a86dcf6db/python-dateutil-2.9.0.post0.tar.gz", hash = "sha256:37dd54208da7e1cd875388217d5e00ebd4179249f90fb72437e91a35459a0ad3", size = 342432 }
wheels = [
    { url = "https://files.pythonhosted.org/packages/ec/57/56b9bcc3c9c6a792fcbaf139543cee77261f3651ca9da0c93f5c1221264b/python_dateutil-2.9.0.post0-py2.py3-none-any.whl", hash = "sha256:a8b2bc7bffae282281c8140a97d3aa9c14da0b136dfe83f850eea9a5f7470427", size = 229892 },
]

[[package]]
name = "pytz"
version = "2025.2"
source = { registry = "https://pypi.org/simple" }
sdist = { url = "https://files.pythonhosted.org/packages/f8/bf/abbd3cdfb8fbc7fb3d4d38d320f2441b1e7cbe29be4f23797b4a2b5d8aac/pytz-2025.2.tar.gz", hash = "sha256:360b9e3dbb49a209c21ad61809c7fb453643e048b38924c765813546746e81c3", size = 320884 }
wheels = [
    { url = "https://files.pythonhosted.org/packages/81/c4/34e93fe5f5429d7570ec1fa436f1986fb1f00c3e0f43a589fe2bbcd22c3f/pytz-2025.2-py2.py3-none-any.whl", hash = "sha256:5ddf76296dd8c44c26eb8f4b6f35488f3ccbf6fbbd7adee0b7262d43f0ec2f00", size = 509225 },
]

[[package]]
name = "requests"
version = "2.32.4"
source = { registry = "https://pypi.org/simple" }
dependencies = [
    { name = "certifi" },
    { name = "charset-normalizer" },
    { name = "idna" },
    { name = "urllib3" },
]
sdist = { url = "https://files.pythonhosted.org/packages/e1/0a/929373653770d8a0d7ea76c37de6e41f11eb07559b103b1c02cafb3f7cf8/requests-2.32.4.tar.gz", hash = "sha256:27d0316682c8a29834d3264820024b62a36942083d52caf2f14c0591336d3422", size = 135258 }
wheels = [
    { url = "https://files.pythonhosted.org/packages/7c/e4/56027c4a6b4ae70ca9de302488c5ca95ad4a39e190093d6c1a8ace08341b/requests-2.32.4-py3-none-any.whl", hash = "sha256:27babd3cda2a6d50b30443204ee89830707d396671944c998b5975b031ac2b2c", size = 64847 },
]

[[package]]
name = "six"
version = "1.17.0"
source = { registry = "https://pypi.org/simple" }
sdist = { url = "https://files.pythonhosted.org/packages/94/e7/b2c673351809dca68a0e064b6af791aa332cf192da575fd474ed7d6f16a2/six-1.17.0.tar.gz", hash = "sha256:ff70335d468e7eb6ec65b95b99d3a2836546063f63acc5171de367e834932a81", size = 34031 }
wheels = [
    { url = "https://files.pythonhosted.org/packages/b7/ce/149a00dd41f10bc29e5921b496af8b574d8413afcd5e30dfa0ed46c2cc5e/six-1.17.0-py2.py3-none-any.whl", hash = "sha256:4721f391ed90541fddacab5acf947aa0d3dc7d27b2e1e8eda2be8970586c3274", size = 11050 },
]

[[package]]
name = "tqdm"
version = "4.67.1"
source = { registry = "https://pypi.org/simple" }
dependencies = [
    { name = "colorama", marker = "sys_platform == 'win32'" },
]
sdist = { url = "https://files.pythonhosted.org/packages/a8/4b/29b4ef32e036bb34e4ab51796dd745cdba7ed47ad142a9f4a1eb8e0c744d/tqdm-4.67.1.tar.gz", hash = "sha256:f8aef9c52c08c13a65f30ea34f4e5aac3fd1a34959879d7e59e63027286627f2", size = 169737 }
wheels = [
    { url = "https://files.pythonhosted.org/packages/d0/30/dc54f88dd4a2b5dc8a0279bdd7270e735851848b762aeb1c1184ed1f6b14/tqdm-4.67.1-py3-none-any.whl", hash = "sha256:26445eca388f82e72884e0d580d5464cd801a3ea01e63e5601bdff9ba6a48de2", size = 78540 },
]

[[package]]
name = "tzdata"
version = "2025.2"
source = { registry = "https://pypi.org/simple" }
sdist = { url = "https://files.pythonhosted.org/packages/95/32/1a225d6164441be760d75c2c42e2780dc0873fe382da3e98a2e1e48361e5/tzdata-2025.2.tar.gz", hash = "sha256:b60a638fcc0daffadf82fe0f57e53d06bdec2f36c4df66280ae79bce6bd6f2b9", size = 196380 }
wheels = [
    { url = "https://files.pythonhosted.org/packages/5c/23/c7abc0ca0a1526a0774eca151daeb8de62ec457e77262b66b359c3c7679e/tzdata-2025.2-py2.py3-none-any.whl", hash = "sha256:1a403fada01ff9221ca8044d701868fa132215d84beb92242d9acd2147f667a8", size = 347839 },
]

[[package]]
name = "urllib3"
version = "2.5.0"
source = { registry = "https://pypi.org/simple" }
sdist = { url = "https://files.pythonhosted.org/packages/15/22/9ee70a2574a4f4599c47dd506532914ce044817c7752a79b6a51286319bc/urllib3-2.5.0.tar.gz", hash = "sha256:3fc47733c7e419d4bc3f6b3dc2b4f890bb743906a30d56ba4a5bfa4bbff92760", size = 393185 }
wheels = [
    { url = "https://files.pythonhosted.org/packages/a7/c2/fe1e52489ae3122415c51f387e221dd0773709bad6c6cdaa599e8a2c5185/urllib3-2.5.0-py3-none-any.whl", hash = "sha256:e6b01673c0fa6a13e374b50871808eb3bf7046c4b125b216f6bf1cc604cff0dc", size = 129795 },
]

[[package]]
name = "wos"
version = "0.1.0"
source = { virtual = "." }
dependencies = [
    { name = "fastparquet" },
    { name = "openpyxl" },
    { name = "pandas" },
    { name = "pyarrow" },
    { name = "requests" },
    { name = "tqdm" },
    { name = "xlrd" },
]

[package.metadata]
requires-dist = [
    { name = "fastparquet" },
    { name = "openpyxl" },
    { name = "pandas" },
    { name = "pyarrow" },
    { name = "requests" },
    { name = "tqdm" },
    { name = "xlrd" },
]

[[package]]
name = "xlrd"
version = "2.0.2"
source = { registry = "https://pypi.org/simple" }
sdist = { url = "https://files.pythonhosted.org/packages/07/5a/377161c2d3538d1990d7af382c79f3b2372e880b65de21b01b1a2b78691e/xlrd-2.0.2.tar.gz", hash = "sha256:08b5e25de58f21ce71dc7db3b3b8106c1fa776f3024c54e45b45b374e89234c9", size = 100167 }
wheels = [
    { url = "https://files.pythonhosted.org/packages/1a/62/c8d562e7766786ba6587d09c5a8ba9f718ed3fa8af7f4553e8f91c36f302/xlrd-2.0.2-py2.py3-none-any.whl", hash = "sha256:ea762c3d29f4cca48d82df517b6d89fbce4db3107f9d78713e48cd321d5c9aa9", size = 96555 },
]
